
Microsoft Visual Studio Solution File, Format Version 12.00
# Visual Studio 15
VisualStudioVersion = 15.0.26228.9
MinimumVisualStudioVersion = 10.0.40219.1
Project("{FAE04EC0-301F-11D3-BF4B-00C04F79EFBC}") = "SSRMTool", "SSRMTool\SSRMTool.csproj", "{4C586994-84CA-4A09-B8EA-A9BAB6D71C82}"
	ProjectSection(ProjectDependencies) = postProject
		{456D32F0-AD40-44C6-91BC-ECC20AEC020E} = {456D32F0-AD40-44C6-91BC-ECC20AEC020E}
	EndProjectSection
EndProject
Project("{8BC9CEB8-8B4A-11D0-8D11-00A0C91BC942}") = "GwyddionLibrary", "GwyddionLibrary\CLibrary.vcxproj", "{456D32F0-AD40-44C6-91BC-ECC20AEC020E}"
EndProject
Project("{FAE04EC0-301F-11D3-BF4B-00C04F79EFBC}") = "SSRMToolUI", "SSRMToolUI\SSRMToolUI.csproj", "{EDD415B8-D1FC-43FC-BC7D-3304CA1BBAF2}"
EndProject
Project("{FAE04EC0-301F-11D3-BF4B-00C04F79EFBC}") = "Test", "ConsoleApp1\Test.csproj", "{6E6D1587-AD7C-4AB0-B125-4F003792123A}"
EndProject
Project("{FAE04EC0-301F-11D3-BF4B-00C04F79EFBC}") = "SSRMToolUI.Tests", "SSRMToolUI.Tests\SSRMToolUI.Tests.csproj", "{11ABA959-CDEC-4EA0-AD47-4B624667F3C7}"
EndProject
Project("{FAE04EC0-301F-11D3-BF4B-00C04F79EFBC}") = "SSRMTool.Tests", "SSRMTool.Tests\SSRMTool.Tests.csproj", "{1087F058-12AF-488B-9A28-40F0E501E4CB}"
EndProject
Project("{FAE04EC0-301F-11D3-BF4B-00C04F79EFBC}") = "SSRMToolDB", "SSRMToolDB\SSRMToolDB.csproj", "{3EDA227E-7EC6-466F-AA9E-34758298523E}"
EndProject
Global
	GlobalSection(SolutionConfigurationPlatforms) = preSolution
		Debug|Any CPU = Debug|Any CPU
		Debug|ARM = Debug|ARM
		Debug|x64 = Debug|x64
		Debug|x86 = Debug|x86
		Release|Any CPU = Release|Any CPU
		Release|ARM = Release|ARM
		Release|x64 = Release|x64
		Release|x86 = Release|x86
	EndGlobalSection
	GlobalSection(ProjectConfigurationPlatforms) = postSolution
		{4C586994-84CA-4A09-B8EA-A9BAB6D71C82}.Debug|Any CPU.ActiveCfg = Debug|Any CPU
		{4C586994-84CA-4A09-B8EA-A9BAB6D71C82}.Debug|Any CPU.Build.0 = Debug|Any CPU
		{4C586994-84CA-4A09-B8EA-A9BAB6D71C82}.Debug|ARM.ActiveCfg = Debug|Any CPU
		{4C586994-84CA-4A09-B8EA-A9BAB6D71C82}.Debug|ARM.Build.0 = Debug|Any CPU
		{4C586994-84CA-4A09-B8EA-A9BAB6D71C82}.Debug|x64.ActiveCfg = Debug|Any CPU
		{4C586994-84CA-4A09-B8EA-A9BAB6D71C82}.Debug|x64.Build.0 = Debug|Any CPU
		{4C586994-84CA-4A09-B8EA-A9BAB6D71C82}.Debug|x86.ActiveCfg = Debug|Any CPU
		{4C586994-84CA-4A09-B8EA-A9BAB6D71C82}.Debug|x86.Build.0 = Debug|Any CPU
		{4C586994-84CA-4A09-B8EA-A9BAB6D71C82}.Release|Any CPU.ActiveCfg = Release|Any CPU
		{4C586994-84CA-4A09-B8EA-A9BAB6D71C82}.Release|Any CPU.Build.0 = Release|Any CPU
		{4C586994-84CA-4A09-B8EA-A9BAB6D71C82}.Release|ARM.ActiveCfg = Release|Any CPU
		{4C586994-84CA-4A09-B8EA-A9BAB6D71C82}.Release|ARM.Build.0 = Release|Any CPU
		{4C586994-84CA-4A09-B8EA-A9BAB6D71C82}.Release|x64.ActiveCfg = Release|Any CPU
		{4C586994-84CA-4A09-B8EA-A9BAB6D71C82}.Release|x64.Build.0 = Release|Any CPU
		{4C586994-84CA-4A09-B8EA-A9BAB6D71C82}.Release|x86.ActiveCfg = Release|Any CPU
		{4C586994-84CA-4A09-B8EA-A9BAB6D71C82}.Release|x86.Build.0 = Release|Any CPU
		{456D32F0-AD40-44C6-91BC-ECC20AEC020E}.Debug|Any CPU.ActiveCfg = Debug|Win32
		{456D32F0-AD40-44C6-91BC-ECC20AEC020E}.Debug|Any CPU.Build.0 = Debug|Win32
		{456D32F0-AD40-44C6-91BC-ECC20AEC020E}.Debug|ARM.ActiveCfg = Debug|Win32
		{456D32F0-AD40-44C6-91BC-ECC20AEC020E}.Debug|x64.ActiveCfg = Debug|x64
		{456D32F0-AD40-44C6-91BC-ECC20AEC020E}.Debug|x64.Build.0 = Debug|x64
		{456D32F0-AD40-44C6-91BC-ECC20AEC020E}.Debug|x86.ActiveCfg = Debug|Win32
		{456D32F0-AD40-44C6-91BC-ECC20AEC020E}.Debug|x86.Build.0 = Debug|Win32
		{456D32F0-AD40-44C6-91BC-ECC20AEC020E}.Release|Any CPU.ActiveCfg = Release|Win32
		{456D32F0-AD40-44C6-91BC-ECC20AEC020E}.Release|ARM.ActiveCfg = Release|Win32
		{456D32F0-AD40-44C6-91BC-ECC20AEC020E}.Release|x64.ActiveCfg = Release|x64
		{456D32F0-AD40-44C6-91BC-ECC20AEC020E}.Release|x64.Build.0 = Release|x64
		{456D32F0-AD40-44C6-91BC-ECC20AEC020E}.Release|x86.ActiveCfg = Release|Win32
		{456D32F0-AD40-44C6-91BC-ECC20AEC020E}.Release|x86.Build.0 = Release|Win32
		{EDD415B8-D1FC-43FC-BC7D-3304CA1BBAF2}.Debug|Any CPU.ActiveCfg = Debug|Any CPU
		{EDD415B8-D1FC-43FC-BC7D-3304CA1BBAF2}.Debug|Any CPU.Build.0 = Debug|Any CPU
		{EDD415B8-D1FC-43FC-BC7D-3304CA1BBAF2}.Debug|ARM.ActiveCfg = Debug|Any CPU
		{EDD415B8-D1FC-43FC-BC7D-3304CA1BBAF2}.Debug|ARM.Build.0 = Debug|Any CPU
		{EDD415B8-D1FC-43FC-BC7D-3304CA1BBAF2}.Debug|x64.ActiveCfg = Debug|Any CPU
		{EDD415B8-D1FC-43FC-BC7D-3304CA1BBAF2}.Debug|x64.Build.0 = Debug|Any CPU
		{EDD415B8-D1FC-43FC-BC7D-3304CA1BBAF2}.Debug|x86.ActiveCfg = Debug|Any CPU
		{EDD415B8-D1FC-43FC-BC7D-3304CA1BBAF2}.Debug|x86.Build.0 = Debug|Any CPU
		{EDD415B8-D1FC-43FC-BC7D-3304CA1BBAF2}.Release|Any CPU.ActiveCfg = Release|Any CPU
		{EDD415B8-D1FC-43FC-BC7D-3304CA1BBAF2}.Release|Any CPU.Build.0 = Release|Any CPU
		{EDD415B8-D1FC-43FC-BC7D-3304CA1BBAF2}.Release|ARM.ActiveCfg = Release|Any CPU
		{EDD415B8-D1FC-43FC-BC7D-3304CA1BBAF2}.Release|ARM.Build.0 = Release|Any CPU
		{EDD415B8-D1FC-43FC-BC7D-3304CA1BBAF2}.Release|x64.ActiveCfg = Release|Any CPU
		{EDD415B8-D1FC-43FC-BC7D-3304CA1BBAF2}.Release|x64.Build.0 = Release|Any CPU
		{EDD415B8-D1FC-43FC-BC7D-3304CA1BBAF2}.Release|x86.ActiveCfg = Release|Any CPU
		{EDD415B8-D1FC-43FC-BC7D-3304CA1BBAF2}.Release|x86.Build.0 = Release|Any CPU
		{6E6D1587-AD7C-4AB0-B125-4F003792123A}.Debug|Any CPU.ActiveCfg = Debug|Any CPU
		{6E6D1587-AD7C-4AB0-B125-4F003792123A}.Debug|Any CPU.Build.0 = Debug|Any CPU
		{6E6D1587-AD7C-4AB0-B125-4F003792123A}.Debug|ARM.ActiveCfg = Debug|Any CPU
		{6E6D1587-AD7C-4AB0-B125-4F003792123A}.Debug|ARM.Build.0 = Debug|Any CPU
		{6E6D1587-AD7C-4AB0-B125-4F003792123A}.Debug|x64.ActiveCfg = Debug|Any CPU
		{6E6D1587-AD7C-4AB0-B125-4F003792123A}.Debug|x64.Build.0 = Debug|Any CPU
		{6E6D1587-AD7C-4AB0-B125-4F003792123A}.Debug|x86.ActiveCfg = Debug|Any CPU
		{6E6D1587-AD7C-4AB0-B125-4F003792123A}.Debug|x86.Build.0 = Debug|Any CPU
		{6E6D1587-AD7C-4AB0-B125-4F003792123A}.Release|Any CPU.ActiveCfg = Release|Any CPU
		{6E6D1587-AD7C-4AB0-B125-4F003792123A}.Release|Any CPU.Build.0 = Release|Any CPU
		{6E6D1587-AD7C-4AB0-B125-4F003792123A}.Release|ARM.ActiveCfg = Release|Any CPU
		{6E6D1587-AD7C-4AB0-B125-4F003792123A}.Release|ARM.Build.0 = Release|Any CPU
		{6E6D1587-AD7C-4AB0-B125-4F003792123A}.Release|x64.ActiveCfg = Release|Any CPU
		{6E6D1587-AD7C-4AB0-B125-4F003792123A}.Release|x64.Build.0 = Release|Any CPU
		{6E6D1587-AD7C-4AB0-B125-4F003792123A}.Release|x86.ActiveCfg = Release|Any CPU
		{6E6D1587-AD7C-4AB0-B125-4F003792123A}.Release|x86.Build.0 = Release|Any CPU
		{11ABA959-CDEC-4EA0-AD47-4B624667F3C7}.Debug|Any CPU.ActiveCfg = Debug|Any CPU
		{11ABA959-CDEC-4EA0-AD47-4B624667F3C7}.Debug|Any CPU.Build.0 = Debug|Any CPU
		{11ABA959-CDEC-4EA0-AD47-4B624667F3C7}.Debug|ARM.ActiveCfg = Debug|Any CPU
		{11ABA959-CDEC-4EA0-AD47-4B624667F3C7}.Debug|ARM.Build.0 = Debug|Any CPU
		{11ABA959-CDEC-4EA0-AD47-4B624667F3C7}.Debug|x64.ActiveCfg = Debug|Any CPU
		{11ABA959-CDEC-4EA0-AD47-4B624667F3C7}.Debug|x64.Build.0 = Debug|Any CPU
		{11ABA959-CDEC-4EA0-AD47-4B624667F3C7}.Debug|x86.ActiveCfg = Debug|Any CPU
		{11ABA959-CDEC-4EA0-AD47-4B624667F3C7}.Debug|x86.Build.0 = Debug|Any CPU
		{11ABA959-CDEC-4EA0-AD47-4B624667F3C7}.Release|Any CPU.ActiveCfg = Release|Any CPU
		{11ABA959-CDEC-4EA0-AD47-4B624667F3C7}.Release|Any CPU.Build.0 = Release|Any CPU
		{11ABA959-CDEC-4EA0-AD47-4B624667F3C7}.Release|ARM.ActiveCfg = Release|Any CPU
		{11ABA959-CDEC-4EA0-AD47-4B624667F3C7}.Release|ARM.Build.0 = Release|Any CPU
		{11ABA959-CDEC-4EA0-AD47-4B624667F3C7}.Release|x64.ActiveCfg = Release|Any CPU
		{11ABA959-CDEC-4EA0-AD47-4B624667F3C7}.Release|x64.Build.0 = Release|Any CPU
		{11ABA959-CDEC-4EA0-AD47-4B624667F3C7}.Release|x86.ActiveCfg = Release|Any CPU
		{11ABA959-CDEC-4EA0-AD47-4B624667F3C7}.Release|x86.Build.0 = Release|Any CPU
		{1087F058-12AF-488B-9A28-40F0E501E4CB}.Debug|Any CPU.ActiveCfg = Debug|Any CPU
		{1087F058-12AF-488B-9A28-40F0E501E4CB}.Debug|Any CPU.Build.0 = Debug|Any CPU
		{1087F058-12AF-488B-9A28-40F0E501E4CB}.Debug|ARM.ActiveCfg = Debug|Any CPU
		{1087F058-12AF-488B-9A28-40F0E501E4CB}.Debug|ARM.Build.0 = Debug|Any CPU
		{1087F058-12AF-488B-9A28-40F0E501E4CB}.Debug|x64.ActiveCfg = Debug|Any CPU
		{1087F058-12AF-488B-9A28-40F0E501E4CB}.Debug|x64.Build.0 = Debug|Any CPU
		{1087F058-12AF-488B-9A28-40F0E501E4CB}.Debug|x86.ActiveCfg = Debug|Any CPU
		{1087F058-12AF-488B-9A28-40F0E501E4CB}.Debug|x86.Build.0 = Debug|Any CPU
		{1087F058-12AF-488B-9A28-40F0E501E4CB}.Release|Any CPU.ActiveCfg = Release|Any CPU
		{1087F058-12AF-488B-9A28-40F0E501E4CB}.Release|Any CPU.Build.0 = Release|Any CPU
		{1087F058-12AF-488B-9A28-40F0E501E4CB}.Release|ARM.ActiveCfg = Release|Any CPU
		{1087F058-12AF-488B-9A28-40F0E501E4CB}.Release|ARM.Build.0 = Release|Any CPU
		{1087F058-12AF-488B-9A28-40F0E501E4CB}.Release|x64.ActiveCfg = Release|Any CPU
		{1087F058-12AF-488B-9A28-40F0E501E4CB}.Release|x64.Build.0 = Release|Any CPU
		{1087F058-12AF-488B-9A28-40F0E501E4CB}.Release|x86.ActiveCfg = Release|Any CPU
		{1087F058-12AF-488B-9A28-40F0E501E4CB}.Release|x86.Build.0 = Release|Any CPU
		{3EDA227E-7EC6-466F-AA9E-34758298523E}.Debug|Any CPU.ActiveCfg = Debug|Any CPU
		{3EDA227E-7EC6-466F-AA9E-34758298523E}.Debug|Any CPU.Build.0 = Debug|Any CPU
		{3EDA227E-7EC6-466F-AA9E-34758298523E}.Debug|ARM.ActiveCfg = Debug|Any CPU
		{3EDA227E-7EC6-466F-AA9E-34758298523E}.Debug|ARM.Build.0 = Debug|Any CPU
		{3EDA227E-7EC6-466F-AA9E-34758298523E}.Debug|x64.ActiveCfg = Debug|Any CPU
		{3EDA227E-7EC6-466F-AA9E-34758298523E}.Debug|x64.Build.0 = Debug|Any CPU
		{3EDA227E-7EC6-466F-AA9E-34758298523E}.Debug|x86.ActiveCfg = Debug|Any CPU
		{3EDA227E-7EC6-466F-AA9E-34758298523E}.Debug|x86.Build.0 = Debug|Any CPU
		{3EDA227E-7EC6-466F-AA9E-34758298523E}.Release|Any CPU.ActiveCfg = Release|Any CPU
		{3EDA227E-7EC6-466F-AA9E-34758298523E}.Release|Any CPU.Build.0 = Release|Any CPU
		{3EDA227E-7EC6-466F-AA9E-34758298523E}.Release|ARM.ActiveCfg = Release|Any CPU
		{3EDA227E-7EC6-466F-AA9E-34758298523E}.Release|ARM.Build.0 = Release|Any CPU
		{3EDA227E-7EC6-466F-AA9E-34758298523E}.Release|x64.ActiveCfg = Release|Any CPU
		{3EDA227E-7EC6-466F-AA9E-34758298523E}.Release|x64.Build.0 = Release|Any CPU
		{3EDA227E-7EC6-466F-AA9E-34758298523E}.Release|x86.ActiveCfg = Release|Any CPU
		{3EDA227E-7EC6-466F-AA9E-34758298523E}.Release|x86.Build.0 = Release|Any CPU
	EndGlobalSection
	GlobalSection(SolutionProperties) = preSolution
		HideSolutionNode = FALSE
	EndGlobalSection
EndGlobal
